// !$*UTF8*$!
{
	archiveVersion = 1;
	classes = {
	};
	objectVersion = 77;
	objects = {

/* Begin PBXBuildFile section */
		BB360D732E0805BA0075A5DC /* Assets.xcassets in Resources */ = {isa = PBXBuildFile; fileRef = BB360D702E0805BA0075A5DC /* Assets.xcassets */; };
		BB360D742E0805BA0075A5DC /* AppRootView.swift in Sources */ = {isa = PBXBuildFile; fileRef = BB360D4B2E0805BA0075A5DC /* AppRootView.swift */; };
		BB360D752E0805BA0075A5DC /* PhotoGalleryApp.swift in Sources */ = {isa = PBXBuildFile; fileRef = BB360D4C2E0805BA0075A5DC /* PhotoGalleryApp.swift */; };
		BB360D762E0805BA0075A5DC /* AppConstants.swift in Sources */ = {isa = PBXBuildFile; fileRef = BB360D4E2E0805BA0075A5DC /* AppConstants.swift */; };
		BB360D772E0805BA0075A5DC /* DependencyContainer.swift in Sources */ = {isa = PBXBuildFile; fileRef = BB360D502E0805BA0075A5DC /* DependencyContainer.swift */; };
		BB360D792E0805BA0075A5DC /* EndpointProtocol.swift in Sources */ = {isa = PBXBuildFile; fileRef = BB360D542E0805BA0075A5DC /* EndpointProtocol.swift */; };
		BB360D7A2E0805BA0075A5DC /* HTTP.swift in Sources */ = {isa = PBXBuildFile; fileRef = BB360D552E0805BA0075A5DC /* HTTP.swift */; };
		BB360D7B2E0805BA0075A5DC /* Network.swift in Sources */ = {isa = PBXBuildFile; fileRef = BB360D562E0805BA0075A5DC /* Network.swift */; };
		BB360D7C2E0805BA0075A5DC /* NetworkError.swift in Sources */ = {isa = PBXBuildFile; fileRef = BB360D572E0805BA0075A5DC /* NetworkError.swift */; };
		BB360D7D2E0805BA0075A5DC /* RequestProtocol.swift in Sources */ = {isa = PBXBuildFile; fileRef = BB360D582E0805BA0075A5DC /* RequestProtocol.swift */; };
		BB360D7E2E0805BA0075A5DC /* URL+Endpoint.swift in Sources */ = {isa = PBXBuildFile; fileRef = BB360D592E0805BA0075A5DC /* URL+Endpoint.swift */; };
		BB360D7F2E0805BA0075A5DC /* URLRequest.swift in Sources */ = {isa = PBXBuildFile; fileRef = BB360D5A2E0805BA0075A5DC /* URLRequest.swift */; };
		BB360D802E0805BA0075A5DC /* PhotoDTO.swift in Sources */ = {isa = PBXBuildFile; fileRef = BB360D5C2E0805BA0075A5DC /* PhotoDTO.swift */; };
		BB360D812E0805BA0075A5DC /* PhotoProvider.swift in Sources */ = {isa = PBXBuildFile; fileRef = BB360D5E2E0805BA0075A5DC /* PhotoProvider.swift */; };
		BB360D822E0805BA0075A5DC /* PhotoDetailView.swift in Sources */ = {isa = PBXBuildFile; fileRef = BB360D622E0805BA0075A5DC /* PhotoDetailView.swift */; };
		BB360D832E0805BA0075A5DC /* Photo.swift in Sources */ = {isa = PBXBuildFile; fileRef = BB360D642E0805BA0075A5DC /* Photo.swift */; };
		BB360D842E0805BA0075A5DC /* PhotoListService.swift in Sources */ = {isa = PBXBuildFile; fileRef = BB360D662E0805BA0075A5DC /* PhotoListService.swift */; };
		BB360D852E0805BA0075A5DC /* PhotoListViewModel.swift in Sources */ = {isa = PBXBuildFile; fileRef = BB360D692E0805BA0075A5DC /* PhotoListViewModel.swift */; };
		BB360D862E0805BA0075A5DC /* PhotoListView.swift in Sources */ = {isa = PBXBuildFile; fileRef = BB360D6B2E0805BA0075A5DC /* PhotoListView.swift */; };
		BB360D872E0805BA0075A5DC /* PhotoListCoordinator.swift in Sources */ = {isa = PBXBuildFile; fileRef = BB360D6D2E0805BA0075A5DC /* PhotoListCoordinator.swift */; };
		BB360D952E0805C60075A5DC /* DependencyContainerTests.swift in Sources */ = {isa = PBXBuildFile; fileRef = BB360D882E0805C60075A5DC /* DependencyContainerTests.swift */; };
		BB360D962E0805C60075A5DC /* MockNavigator.swift in Sources */ = {isa = PBXBuildFile; fileRef = BB360D8A2E0805C60075A5DC /* MockNavigator.swift */; };
		BB360D972E0805C60075A5DC /* NavigatorTests.swift in Sources */ = {isa = PBXBuildFile; fileRef = BB360D8C2E0805C60075A5DC /* NavigatorTests.swift */; };
		BB360D982E0805C60075A5DC /* MockPhotoListService.swift in Sources */ = {isa = PBXBuildFile; fileRef = BB360D8F2E0805C60075A5DC /* MockPhotoListService.swift */; };
		BB360D992E0805C60075A5DC /* PhotoListViewModelTests.swift in Sources */ = {isa = PBXBuildFile; fileRef = BB360D912E0805C60075A5DC /* PhotoListViewModelTests.swift */; };
		BB360D9C2E080DB20075A5DC /* ErrorViewModel.swift in Sources */ = {isa = PBXBuildFile; fileRef = BB360D9B2E080DB20075A5DC /* ErrorViewModel.swift */; };
		BB360D9E2E080DD30075A5DC /* ErrorView.swift in Sources */ = {isa = PBXBuildFile; fileRef = BB360D9D2E080DD30075A5DC /* ErrorView.swift */; };
		BB360DA12E08165B0075A5DC /* ThumbnailImageView.swift in Sources */ = {isa = PBXBuildFile; fileRef = BB360DA02E08165B0075A5DC /* ThumbnailImageView.swift */; };
		BB360DA42E0843F00075A5DC /* PhotoDetailViewModel.swift in Sources */ = {isa = PBXBuildFile; fileRef = BB360DA22E0843F00075A5DC /* PhotoDetailViewModel.swift */; };
		BB360DA92E08455A0075A5DC /* PhotoDetailService.swift in Sources */ = {isa = PBXBuildFile; fileRef = BB360DA82E08455A0075A5DC /* PhotoDetailService.swift */; };
		BB360DAB2E0845690075A5DC /* PhotoDetailCoordinator.swift in Sources */ = {isa = PBXBuildFile; fileRef = BB360DAA2E0845690075A5DC /* PhotoDetailCoordinator.swift */; };
		BB360DAD2E084A9E0075A5DC /* PhotoDetailDTO.swift in Sources */ = {isa = PBXBuildFile; fileRef = BB360DAC2E084A9E0075A5DC /* PhotoDetailDTO.swift */; };
		BB360DB02E084AF00075A5DC /* PhotoDetail.swift in Sources */ = {isa = PBXBuildFile; fileRef = BB360DAF2E084AF00075A5DC /* PhotoDetail.swift */; };
		BB360DB22E084FB00075A5DC /* Navigator.swift in Sources */ = {isa = PBXBuildFile; fileRef = BB360DB12E084FB00075A5DC /* Navigator.swift */; };
		BB360DB42E08569A0075A5DC /* NetworkImageView.swift in Sources */ = {isa = PBXBuildFile; fileRef = BB360DB32E08569A0075A5DC /* NetworkImageView.swift */; };
		BB360DB72E085AE30075A5DC /* PreviewProvider+PhotoDetailViewModel.swift in Sources */ = {isa = PBXBuildFile; fileRef = BB360DB62E085AE30075A5DC /* PreviewProvider+PhotoDetailViewModel.swift */; };
		BB360DB92E085BB70075A5DC /* PreviewProvider+PhotoDetail.swift in Sources */ = {isa = PBXBuildFile; fileRef = BB360DB82E085BB70075A5DC /* PreviewProvider+PhotoDetail.swift */; };
		BB360DBB2E085C100075A5DC /* PreviewProvider+ErrorViewModel.swift in Sources */ = {isa = PBXBuildFile; fileRef = BB360DBA2E085C100075A5DC /* PreviewProvider+ErrorViewModel.swift */; };
		BB360DBD2E094AA80075A5DC /* PreviewProvider+PhotoListViewModel.swift in Sources */ = {isa = PBXBuildFile; fileRef = BB360DBC2E094AA80075A5DC /* PreviewProvider+PhotoListViewModel.swift */; };
		BB360DBF2E094B400075A5DC /* PreviewProvider+Photo.swift in Sources */ = {isa = PBXBuildFile; fileRef = BB360DBE2E094B400075A5DC /* PreviewProvider+Photo.swift */; };
		BB360DC22E094F240075A5DC /* View+onFirstAppear.swift in Sources */ = {isa = PBXBuildFile; fileRef = BB360DC12E094F220075A5DC /* View+onFirstAppear.swift */; };
/* End PBXBuildFile section */

/* Begin PBXContainerItemProxy section */
		BB360D272E06CBE10075A5DC /* PBXContainerItemProxy */ = {
			isa = PBXContainerItemProxy;
			containerPortal = BB360C4D2E0497DE0075A5DC /* Project object */;
			proxyType = 1;
			remoteGlobalIDString = BB360C542E0497DE0075A5DC;
			remoteInfo = PhotoGallery;
		};
/* End PBXContainerItemProxy section */

/* Begin PBXFileReference section */
		BB360C552E0497DE0075A5DC /* PhotoGallery.app */ = {isa = PBXFileReference; explicitFileType = wrapper.application; includeInIndex = 0; path = PhotoGallery.app; sourceTree = BUILT_PRODUCTS_DIR; };
		BB360D232E06CBE10075A5DC /* PhotoGalleryTests.xctest */ = {isa = PBXFileReference; explicitFileType = wrapper.cfbundle; includeInIndex = 0; path = PhotoGalleryTests.xctest; sourceTree = BUILT_PRODUCTS_DIR; };
		BB360D4B2E0805BA0075A5DC /* AppRootView.swift */ = {isa = PBXFileReference; lastKnownFileType = sourcecode.swift; path = AppRootView.swift; sourceTree = "<group>"; };
		BB360D4C2E0805BA0075A5DC /* PhotoGalleryApp.swift */ = {isa = PBXFileReference; lastKnownFileType = sourcecode.swift; path = PhotoGalleryApp.swift; sourceTree = "<group>"; };
		BB360D4E2E0805BA0075A5DC /* AppConstants.swift */ = {isa = PBXFileReference; lastKnownFileType = sourcecode.swift; path = AppConstants.swift; sourceTree = "<group>"; };
		BB360D502E0805BA0075A5DC /* DependencyContainer.swift */ = {isa = PBXFileReference; lastKnownFileType = sourcecode.swift; path = DependencyContainer.swift; sourceTree = "<group>"; };
		BB360D542E0805BA0075A5DC /* EndpointProtocol.swift */ = {isa = PBXFileReference; lastKnownFileType = sourcecode.swift; path = EndpointProtocol.swift; sourceTree = "<group>"; };
		BB360D552E0805BA0075A5DC /* HTTP.swift */ = {isa = PBXFileReference; lastKnownFileType = sourcecode.swift; path = HTTP.swift; sourceTree = "<group>"; };
		BB360D562E0805BA0075A5DC /* Network.swift */ = {isa = PBXFileReference; lastKnownFileType = sourcecode.swift; path = Network.swift; sourceTree = "<group>"; };
		BB360D572E0805BA0075A5DC /* NetworkError.swift */ = {isa = PBXFileReference; lastKnownFileType = sourcecode.swift; path = NetworkError.swift; sourceTree = "<group>"; };
		BB360D582E0805BA0075A5DC /* RequestProtocol.swift */ = {isa = PBXFileReference; lastKnownFileType = sourcecode.swift; path = RequestProtocol.swift; sourceTree = "<group>"; };
		BB360D592E0805BA0075A5DC /* URL+Endpoint.swift */ = {isa = PBXFileReference; lastKnownFileType = sourcecode.swift; path = "URL+Endpoint.swift"; sourceTree = "<group>"; };
		BB360D5A2E0805BA0075A5DC /* URLRequest.swift */ = {isa = PBXFileReference; lastKnownFileType = sourcecode.swift; path = URLRequest.swift; sourceTree = "<group>"; };
		BB360D5C2E0805BA0075A5DC /* PhotoDTO.swift */ = {isa = PBXFileReference; lastKnownFileType = sourcecode.swift; path = PhotoDTO.swift; sourceTree = "<group>"; };
		BB360D5E2E0805BA0075A5DC /* PhotoProvider.swift */ = {isa = PBXFileReference; lastKnownFileType = sourcecode.swift; path = PhotoProvider.swift; sourceTree = "<group>"; };
		BB360D622E0805BA0075A5DC /* PhotoDetailView.swift */ = {isa = PBXFileReference; lastKnownFileType = sourcecode.swift; path = PhotoDetailView.swift; sourceTree = "<group>"; };
		BB360D642E0805BA0075A5DC /* Photo.swift */ = {isa = PBXFileReference; lastKnownFileType = sourcecode.swift; path = Photo.swift; sourceTree = "<group>"; };
		BB360D662E0805BA0075A5DC /* PhotoListService.swift */ = {isa = PBXFileReference; lastKnownFileType = sourcecode.swift; path = PhotoListService.swift; sourceTree = "<group>"; };
		BB360D692E0805BA0075A5DC /* PhotoListViewModel.swift */ = {isa = PBXFileReference; lastKnownFileType = sourcecode.swift; path = PhotoListViewModel.swift; sourceTree = "<group>"; };
		BB360D6B2E0805BA0075A5DC /* PhotoListView.swift */ = {isa = PBXFileReference; lastKnownFileType = sourcecode.swift; path = PhotoListView.swift; sourceTree = "<group>"; };
		BB360D6D2E0805BA0075A5DC /* PhotoListCoordinator.swift */ = {isa = PBXFileReference; lastKnownFileType = sourcecode.swift; path = PhotoListCoordinator.swift; sourceTree = "<group>"; };
		BB360D702E0805BA0075A5DC /* Assets.xcassets */ = {isa = PBXFileReference; lastKnownFileType = folder.assetcatalog; path = Assets.xcassets; sourceTree = "<group>"; };
		BB360D882E0805C60075A5DC /* DependencyContainerTests.swift */ = {isa = PBXFileReference; lastKnownFileType = sourcecode.swift; path = DependencyContainerTests.swift; sourceTree = "<group>"; };
		BB360D8A2E0805C60075A5DC /* MockNavigator.swift */ = {isa = PBXFileReference; lastKnownFileType = sourcecode.swift; path = MockNavigator.swift; sourceTree = "<group>"; };
		BB360D8C2E0805C60075A5DC /* NavigatorTests.swift */ = {isa = PBXFileReference; lastKnownFileType = sourcecode.swift; path = NavigatorTests.swift; sourceTree = "<group>"; };
		BB360D8F2E0805C60075A5DC /* MockPhotoListService.swift */ = {isa = PBXFileReference; lastKnownFileType = sourcecode.swift; path = MockPhotoListService.swift; sourceTree = "<group>"; };
		BB360D912E0805C60075A5DC /* PhotoListViewModelTests.swift */ = {isa = PBXFileReference; lastKnownFileType = sourcecode.swift; path = PhotoListViewModelTests.swift; sourceTree = "<group>"; };
		BB360D9B2E080DB20075A5DC /* ErrorViewModel.swift */ = {isa = PBXFileReference; lastKnownFileType = sourcecode.swift; path = ErrorViewModel.swift; sourceTree = "<group>"; };
		BB360D9D2E080DD30075A5DC /* ErrorView.swift */ = {isa = PBXFileReference; lastKnownFileType = sourcecode.swift; path = ErrorView.swift; sourceTree = "<group>"; };
		BB360DA02E08165B0075A5DC /* ThumbnailImageView.swift */ = {isa = PBXFileReference; lastKnownFileType = sourcecode.swift; path = ThumbnailImageView.swift; sourceTree = "<group>"; };
		BB360DA22E0843F00075A5DC /* PhotoDetailViewModel.swift */ = {isa = PBXFileReference; lastKnownFileType = sourcecode.swift; path = PhotoDetailViewModel.swift; sourceTree = "<group>"; };
		BB360DA82E08455A0075A5DC /* PhotoDetailService.swift */ = {isa = PBXFileReference; lastKnownFileType = sourcecode.swift; path = PhotoDetailService.swift; sourceTree = "<group>"; };
		BB360DAA2E0845690075A5DC /* PhotoDetailCoordinator.swift */ = {isa = PBXFileReference; lastKnownFileType = sourcecode.swift; path = PhotoDetailCoordinator.swift; sourceTree = "<group>"; };
		BB360DAC2E084A9E0075A5DC /* PhotoDetailDTO.swift */ = {isa = PBXFileReference; lastKnownFileType = sourcecode.swift; path = PhotoDetailDTO.swift; sourceTree = "<group>"; };
		BB360DAF2E084AF00075A5DC /* PhotoDetail.swift */ = {isa = PBXFileReference; lastKnownFileType = sourcecode.swift; path = PhotoDetail.swift; sourceTree = "<group>"; };
		BB360DB12E084FB00075A5DC /* Navigator.swift */ = {isa = PBXFileReference; lastKnownFileType = sourcecode.swift; path = Navigator.swift; sourceTree = "<group>"; };
		BB360DB32E08569A0075A5DC /* NetworkImageView.swift */ = {isa = PBXFileReference; lastKnownFileType = sourcecode.swift; path = NetworkImageView.swift; sourceTree = "<group>"; };
		BB360DB62E085AE30075A5DC /* PreviewProvider+PhotoDetailViewModel.swift */ = {isa = PBXFileReference; lastKnownFileType = sourcecode.swift; path = "PreviewProvider+PhotoDetailViewModel.swift"; sourceTree = "<group>"; };
		BB360DB82E085BB70075A5DC /* PreviewProvider+PhotoDetail.swift */ = {isa = PBXFileReference; lastKnownFileType = sourcecode.swift; path = "PreviewProvider+PhotoDetail.swift"; sourceTree = "<group>"; };
		BB360DBA2E085C100075A5DC /* PreviewProvider+ErrorViewModel.swift */ = {isa = PBXFileReference; lastKnownFileType = sourcecode.swift; path = "PreviewProvider+ErrorViewModel.swift"; sourceTree = "<group>"; };
		BB360DBC2E094AA80075A5DC /* PreviewProvider+PhotoListViewModel.swift */ = {isa = PBXFileReference; lastKnownFileType = sourcecode.swift; path = "PreviewProvider+PhotoListViewModel.swift"; sourceTree = "<group>"; };
		BB360DBE2E094B400075A5DC /* PreviewProvider+Photo.swift */ = {isa = PBXFileReference; lastKnownFileType = sourcecode.swift; path = "PreviewProvider+Photo.swift"; sourceTree = "<group>"; };
		BB360DC12E094F220075A5DC /* View+onFirstAppear.swift */ = {isa = PBXFileReference; lastKnownFileType = sourcecode.swift; path = "View+onFirstAppear.swift"; sourceTree = "<group>"; };
/* End PBXFileReference section */

/* Begin PBXFrameworksBuildPhase section */
		BB360C522E0497DE0075A5DC /* Frameworks */ = {
			isa = PBXFrameworksBuildPhase;
			buildActionMask = 2147483647;
			files = (
			);
			runOnlyForDeploymentPostprocessing = 0;
		};
		BB360D202E06CBE10075A5DC /* Frameworks */ = {
			isa = PBXFrameworksBuildPhase;
			buildActionMask = 2147483647;
			files = (
			);
			runOnlyForDeploymentPostprocessing = 0;
		};
/* End PBXFrameworksBuildPhase section */

/* Begin PBXGroup section */
		BB360C4C2E0497DE0075A5DC = {
			isa = PBXGroup;
			children = (
				BB360D722E0805BA0075A5DC /* PhotoGallery */,
				BB360D942E0805C60075A5DC /* PhotoGalleryTests */,
				BB360C562E0497DE0075A5DC /* Products */,
			);
			sourceTree = "<group>";
		};
		BB360C562E0497DE0075A5DC /* Products */ = {
			isa = PBXGroup;
			children = (
				BB360C552E0497DE0075A5DC /* PhotoGallery.app */,
				BB360D232E06CBE10075A5DC /* PhotoGalleryTests.xctest */,
			);
			name = Products;
			sourceTree = "<group>";
		};
		BB360D4D2E0805BA0075A5DC /* App */ = {
			isa = PBXGroup;
			children = (
				BB360D4C2E0805BA0075A5DC /* PhotoGalleryApp.swift */,
				BB360D4B2E0805BA0075A5DC /* AppRootView.swift */,
			);
			path = App;
			sourceTree = "<group>";
		};
		BB360D4F2E0805BA0075A5DC /* Constants */ = {
			isa = PBXGroup;
			children = (
				BB360D4E2E0805BA0075A5DC /* AppConstants.swift */,
			);
			path = Constants;
			sourceTree = "<group>";
		};
		BB360D512E0805BA0075A5DC /* DI */ = {
			isa = PBXGroup;
			children = (
				BB360D502E0805BA0075A5DC /* DependencyContainer.swift */,
			);
			path = DI;
			sourceTree = "<group>";
		};
		BB360D532E0805BA0075A5DC /* Navigating */ = {
			isa = PBXGroup;
			children = (
				BB360DB12E084FB00075A5DC /* Navigator.swift */,
			);
			path = Navigating;
			sourceTree = "<group>";
		};
		BB360D5B2E0805BA0075A5DC /* Networking */ = {
			isa = PBXGroup;
			children = (
				BB360D542E0805BA0075A5DC /* EndpointProtocol.swift */,
				BB360D552E0805BA0075A5DC /* HTTP.swift */,
				BB360D562E0805BA0075A5DC /* Network.swift */,
				BB360D572E0805BA0075A5DC /* NetworkError.swift */,
				BB360D582E0805BA0075A5DC /* RequestProtocol.swift */,
				BB360D592E0805BA0075A5DC /* URL+Endpoint.swift */,
				BB360D5A2E0805BA0075A5DC /* URLRequest.swift */,
			);
			path = Networking;
			sourceTree = "<group>";
		};
		BB360D5D2E0805BA0075A5DC /* DTOs */ = {
			isa = PBXGroup;
			children = (
				BB360D5C2E0805BA0075A5DC /* PhotoDTO.swift */,
				BB360DAC2E084A9E0075A5DC /* PhotoDetailDTO.swift */,
			);
			path = DTOs;
			sourceTree = "<group>";
		};
		BB360D5F2E0805BA0075A5DC /* Providers */ = {
			isa = PBXGroup;
			children = (
				BB360D5E2E0805BA0075A5DC /* PhotoProvider.swift */,
			);
			path = Providers;
			sourceTree = "<group>";
		};
		BB360D602E0805BA0075A5DC /* Providers */ = {
			isa = PBXGroup;
			children = (
				BB360D5D2E0805BA0075A5DC /* DTOs */,
				BB360D5F2E0805BA0075A5DC /* Providers */,
			);
			path = Providers;
			sourceTree = "<group>";
		};
		BB360D612E0805BA0075A5DC /* Core */ = {
			isa = PBXGroup;
			children = (
				BB360D4F2E0805BA0075A5DC /* Constants */,
				BB360D512E0805BA0075A5DC /* DI */,
				BB360D532E0805BA0075A5DC /* Navigating */,
				BB360D5B2E0805BA0075A5DC /* Networking */,
				BB360D602E0805BA0075A5DC /* Providers */,
			);
			path = Core;
			sourceTree = "<group>";
		};
		BB360D632E0805BA0075A5DC /* Photo Detail */ = {
			isa = PBXGroup;
			children = (
				BB360DAA2E0845690075A5DC /* PhotoDetailCoordinator.swift */,
				BB360DA72E0844030075A5DC /* Views */,
				BB360DA32E0843F00075A5DC /* ViewModels */,
				BB360DA62E0843F90075A5DC /* Domain */,
			);
			path = "Photo Detail";
			sourceTree = "<group>";
		};
		BB360D652E0805BA0075A5DC /* DOs */ = {
			isa = PBXGroup;
			children = (
				BB360D642E0805BA0075A5DC /* Photo.swift */,
			);
			path = DOs;
			sourceTree = "<group>";
		};
		BB360D672E0805BA0075A5DC /* Services */ = {
			isa = PBXGroup;
			children = (
				BB360D662E0805BA0075A5DC /* PhotoListService.swift */,
			);
			path = Services;
			sourceTree = "<group>";
		};
		BB360D682E0805BA0075A5DC /* Domain */ = {
			isa = PBXGroup;
			children = (
				BB360D672E0805BA0075A5DC /* Services */,
				BB360D652E0805BA0075A5DC /* DOs */,
			);
			path = Domain;
			sourceTree = "<group>";
		};
		BB360D6A2E0805BA0075A5DC /* ViewModels */ = {
			isa = PBXGroup;
			children = (
				BB360D692E0805BA0075A5DC /* PhotoListViewModel.swift */,
			);
			path = ViewModels;
			sourceTree = "<group>";
		};
		BB360D6C2E0805BA0075A5DC /* Views */ = {
			isa = PBXGroup;
			children = (
				BB360D6B2E0805BA0075A5DC /* PhotoListView.swift */,
			);
			path = Views;
			sourceTree = "<group>";
		};
		BB360D6E2E0805BA0075A5DC /* Photo List */ = {
			isa = PBXGroup;
			children = (
				BB360D6D2E0805BA0075A5DC /* PhotoListCoordinator.swift */,
				BB360D6C2E0805BA0075A5DC /* Views */,
				BB360D6A2E0805BA0075A5DC /* ViewModels */,
				BB360D682E0805BA0075A5DC /* Domain */,
			);
			path = "Photo List";
			sourceTree = "<group>";
		};
		BB360D6F2E0805BA0075A5DC /* Features */ = {
			isa = PBXGroup;
			children = (
				BB360D6E2E0805BA0075A5DC /* Photo List */,
				BB360D632E0805BA0075A5DC /* Photo Detail */,
			);
			path = Features;
			sourceTree = "<group>";
		};
		BB360D712E0805BA0075A5DC /* Resources */ = {
			isa = PBXGroup;
			children = (
				BB360D702E0805BA0075A5DC /* Assets.xcassets */,
			);
			path = Resources;
			sourceTree = "<group>";
		};
		BB360D722E0805BA0075A5DC /* PhotoGallery */ = {
			isa = PBXGroup;
			children = (
				BB360D9A2E080DA30075A5DC /* Shared */,
				BB360D4D2E0805BA0075A5DC /* App */,
				BB360D612E0805BA0075A5DC /* Core */,
				BB360D6F2E0805BA0075A5DC /* Features */,
				BB360D712E0805BA0075A5DC /* Resources */,
			);
			path = PhotoGallery;
			sourceTree = "<group>";
		};
		BB360D892E0805C60075A5DC /* DITests */ = {
			isa = PBXGroup;
			children = (
				BB360D882E0805C60075A5DC /* DependencyContainerTests.swift */,
			);
			path = DITests;
			sourceTree = "<group>";
		};
		BB360D8B2E0805C60075A5DC /* Mocks */ = {
			isa = PBXGroup;
			children = (
				BB360D8A2E0805C60075A5DC /* MockNavigator.swift */,
			);
			path = Mocks;
			sourceTree = "<group>";
		};
		BB360D8D2E0805C60075A5DC /* NavigatorTests */ = {
			isa = PBXGroup;
			children = (
				BB360D8C2E0805C60075A5DC /* NavigatorTests.swift */,
			);
			path = NavigatorTests;
			sourceTree = "<group>";
		};
		BB360D8E2E0805C60075A5DC /* Core */ = {
			isa = PBXGroup;
			children = (
				BB360D8D2E0805C60075A5DC /* NavigatorTests */,
				BB360D892E0805C60075A5DC /* DITests */,
				BB360D8B2E0805C60075A5DC /* Mocks */,
			);
			path = Core;
			sourceTree = "<group>";
		};
		BB360D902E0805C60075A5DC /* Mocks */ = {
			isa = PBXGroup;
			children = (
				BB360D8F2E0805C60075A5DC /* MockPhotoListService.swift */,
			);
			path = Mocks;
			sourceTree = "<group>";
		};
		BB360D922E0805C60075A5DC /* Photo List */ = {
			isa = PBXGroup;
			children = (
				BB360D902E0805C60075A5DC /* Mocks */,
				BB360D912E0805C60075A5DC /* PhotoListViewModelTests.swift */,
			);
			path = "Photo List";
			sourceTree = "<group>";
		};
		BB360D932E0805C60075A5DC /* Features */ = {
			isa = PBXGroup;
			children = (
				BB360D922E0805C60075A5DC /* Photo List */,
			);
			path = Features;
			sourceTree = "<group>";
		};
		BB360D942E0805C60075A5DC /* PhotoGalleryTests */ = {
			isa = PBXGroup;
			children = (
				BB360D8E2E0805C60075A5DC /* Core */,
				BB360D932E0805C60075A5DC /* Features */,
			);
			path = PhotoGalleryTests;
			sourceTree = "<group>";
		};
		BB360D9A2E080DA30075A5DC /* Shared */ = {
			isa = PBXGroup;
			children = (
				BB360DC02E094EF60075A5DC /* Extensions */,
				BB360DB52E085AC70075A5DC /* Preview Helpers */,
				BB360D9F2E08135F0075A5DC /* Components */,
			);
			path = Shared;
			sourceTree = "<group>";
		};
		BB360D9F2E08135F0075A5DC /* Components */ = {
			isa = PBXGroup;
			children = (
				BB360D9D2E080DD30075A5DC /* ErrorView.swift */,
				BB360DB32E08569A0075A5DC /* NetworkImageView.swift */,
				BB360D9B2E080DB20075A5DC /* ErrorViewModel.swift */,
				BB360DA02E08165B0075A5DC /* ThumbnailImageView.swift */,
			);
			path = Components;
			sourceTree = "<group>";
		};
		BB360DA32E0843F00075A5DC /* ViewModels */ = {
			isa = PBXGroup;
			children = (
				BB360DA22E0843F00075A5DC /* PhotoDetailViewModel.swift */,
			);
			path = ViewModels;
			sourceTree = "<group>";
		};
		BB360DA52E0843F90075A5DC /* Services */ = {
			isa = PBXGroup;
			children = (
				BB360DA82E08455A0075A5DC /* PhotoDetailService.swift */,
			);
			path = Services;
			sourceTree = "<group>";
		};
		BB360DA62E0843F90075A5DC /* Domain */ = {
			isa = PBXGroup;
			children = (
				BB360DA52E0843F90075A5DC /* Services */,
				BB360DAE2E084AE80075A5DC /* DOs */,
			);
			path = Domain;
			sourceTree = "<group>";
		};
		BB360DA72E0844030075A5DC /* Views */ = {
			isa = PBXGroup;
			children = (
				BB360D622E0805BA0075A5DC /* PhotoDetailView.swift */,
			);
			path = Views;
			sourceTree = "<group>";
		};
		BB360DAE2E084AE80075A5DC /* DOs */ = {
			isa = PBXGroup;
			children = (
				BB360DAF2E084AF00075A5DC /* PhotoDetail.swift */,
			);
			path = DOs;
			sourceTree = "<group>";
		};
		BB360DB52E085AC70075A5DC /* Preview Helpers */ = {
			isa = PBXGroup;
			children = (
				BB360DBC2E094AA80075A5DC /* PreviewProvider+PhotoListViewModel.swift */,
				BB360DB62E085AE30075A5DC /* PreviewProvider+PhotoDetailViewModel.swift */,
				BB360DBE2E094B400075A5DC /* PreviewProvider+Photo.swift */,
				BB360DB82E085BB70075A5DC /* PreviewProvider+PhotoDetail.swift */,
				BB360DBA2E085C100075A5DC /* PreviewProvider+ErrorViewModel.swift */,
			);
			path = "Preview Helpers";
			sourceTree = "<group>";
		};
		BB360DC02E094EF60075A5DC /* Extensions */ = {
			isa = PBXGroup;
			children = (
				BB360DC12E094F220075A5DC /* View+onFirstAppear.swift */,
			);
			path = Extensions;
			sourceTree = "<group>";
		};
/* End PBXGroup section */

/* Begin PBXNativeTarget section */
		BB360C542E0497DE0075A5DC /* PhotoGallery */ = {
			isa = PBXNativeTarget;
			buildConfigurationList = BB360C602E0497E10075A5DC /* Build configuration list for PBXNativeTarget "PhotoGallery" */;
			buildPhases = (
				BB360C512E0497DE0075A5DC /* Sources */,
				BB360C522E0497DE0075A5DC /* Frameworks */,
				BB360C532E0497DE0075A5DC /* Resources */,
			);
			buildRules = (
			);
			dependencies = (
			);
			name = PhotoGallery;
			packageProductDependencies = (
			);
			productName = PhotoGallery;
			productReference = BB360C552E0497DE0075A5DC /* PhotoGallery.app */;
			productType = "com.apple.product-type.application";
		};
		BB360D222E06CBE10075A5DC /* PhotoGalleryTests */ = {
			isa = PBXNativeTarget;
			buildConfigurationList = BB360D292E06CBE10075A5DC /* Build configuration list for PBXNativeTarget "PhotoGalleryTests" */;
			buildPhases = (
				BB360D1F2E06CBE10075A5DC /* Sources */,
				BB360D202E06CBE10075A5DC /* Frameworks */,
				BB360D212E06CBE10075A5DC /* Resources */,
			);
			buildRules = (
			);
			dependencies = (
				BB360D282E06CBE10075A5DC /* PBXTargetDependency */,
			);
			name = PhotoGalleryTests;
			packageProductDependencies = (
			);
			productName = PhotoGalleryTests;
			productReference = BB360D232E06CBE10075A5DC /* PhotoGalleryTests.xctest */;
			productType = "com.apple.product-type.bundle.unit-test";
		};
/* End PBXNativeTarget section */

/* Begin PBXProject section */
		BB360C4D2E0497DE0075A5DC /* Project object */ = {
			isa = PBXProject;
			attributes = {
				BuildIndependentTargetsInParallel = 1;
				LastSwiftUpdateCheck = 1640;
				LastUpgradeCheck = 1640;
				TargetAttributes = {
					BB360C542E0497DE0075A5DC = {
						CreatedOnToolsVersion = 16.4;
					};
					BB360D222E06CBE10075A5DC = {
						CreatedOnToolsVersion = 16.4;
						TestTargetID = BB360C542E0497DE0075A5DC;
					};
				};
			};
			buildConfigurationList = BB360C502E0497DE0075A5DC /* Build configuration list for PBXProject "PhotoGallery" */;
			developmentRegion = en;
			hasScannedForEncodings = 0;
			knownRegions = (
				en,
				Base,
			);
			mainGroup = BB360C4C2E0497DE0075A5DC;
			minimizedProjectReferenceProxies = 1;
			preferredProjectObjectVersion = 77;
			productRefGroup = BB360C562E0497DE0075A5DC /* Products */;
			projectDirPath = "";
			projectRoot = "";
			targets = (
				BB360C542E0497DE0075A5DC /* PhotoGallery */,
				BB360D222E06CBE10075A5DC /* PhotoGalleryTests */,
			);
		};
/* End PBXProject section */

/* Begin PBXResourcesBuildPhase section */
		BB360C532E0497DE0075A5DC /* Resources */ = {
			isa = PBXResourcesBuildPhase;
			buildActionMask = 2147483647;
			files = (
				BB360D732E0805BA0075A5DC /* Assets.xcassets in Resources */,
			);
			runOnlyForDeploymentPostprocessing = 0;
		};
		BB360D212E06CBE10075A5DC /* Resources */ = {
			isa = PBXResourcesBuildPhase;
			buildActionMask = 2147483647;
			files = (
			);
			runOnlyForDeploymentPostprocessing = 0;
		};
/* End PBXResourcesBuildPhase section */

/* Begin PBXSourcesBuildPhase section */
		BB360C512E0497DE0075A5DC /* Sources */ = {
			isa = PBXSourcesBuildPhase;
			buildActionMask = 2147483647;
			files = (
				BB360D742E0805BA0075A5DC /* AppRootView.swift in Sources */,
				BB360D752E0805BA0075A5DC /* PhotoGalleryApp.swift in Sources */,
				BB360D762E0805BA0075A5DC /* AppConstants.swift in Sources */,
				BB360D772E0805BA0075A5DC /* DependencyContainer.swift in Sources */,
				BB360DB02E084AF00075A5DC /* PhotoDetail.swift in Sources */,
				BB360D792E0805BA0075A5DC /* EndpointProtocol.swift in Sources */,
				BB360DA42E0843F00075A5DC /* PhotoDetailViewModel.swift in Sources */,
				BB360D7A2E0805BA0075A5DC /* HTTP.swift in Sources */,
				BB360DC22E094F240075A5DC /* View+onFirstAppear.swift in Sources */,
				BB360DB72E085AE30075A5DC /* PreviewProvider+PhotoDetailViewModel.swift in Sources */,
				BB360D7B2E0805BA0075A5DC /* Network.swift in Sources */,
				BB360DB92E085BB70075A5DC /* PreviewProvider+PhotoDetail.swift in Sources */,
				BB360D7C2E0805BA0075A5DC /* NetworkError.swift in Sources */,
				BB360D9C2E080DB20075A5DC /* ErrorViewModel.swift in Sources */,
				BB360D7D2E0805BA0075A5DC /* RequestProtocol.swift in Sources */,
				BB360D7E2E0805BA0075A5DC /* URL+Endpoint.swift in Sources */,
				BB360DBD2E094AA80075A5DC /* PreviewProvider+PhotoListViewModel.swift in Sources */,
				BB360D7F2E0805BA0075A5DC /* URLRequest.swift in Sources */,
				BB360DA12E08165B0075A5DC /* ThumbnailImageView.swift in Sources */,
				BB360D802E0805BA0075A5DC /* PhotoDTO.swift in Sources */,
				BB360DAB2E0845690075A5DC /* PhotoDetailCoordinator.swift in Sources */,
				BB360DAD2E084A9E0075A5DC /* PhotoDetailDTO.swift in Sources */,
				BB360D812E0805BA0075A5DC /* PhotoProvider.swift in Sources */,
				BB360D822E0805BA0075A5DC /* PhotoDetailView.swift in Sources */,
				BB360DA92E08455A0075A5DC /* PhotoDetailService.swift in Sources */,
				BB360DB22E084FB00075A5DC /* Navigator.swift in Sources */,
				BB360D832E0805BA0075A5DC /* Photo.swift in Sources */,
				BB360D842E0805BA0075A5DC /* PhotoListService.swift in Sources */,
				BB360D852E0805BA0075A5DC /* PhotoListViewModel.swift in Sources */,
				BB360D862E0805BA0075A5DC /* PhotoListView.swift in Sources */,
				BB360DB42E08569A0075A5DC /* NetworkImageView.swift in Sources */,
				BB360DBF2E094B400075A5DC /* PreviewProvider+Photo.swift in Sources */,
				BB360DBB2E085C100075A5DC /* PreviewProvider+ErrorViewModel.swift in Sources */,
				BB360D872E0805BA0075A5DC /* PhotoListCoordinator.swift in Sources */,
				BB360D9E2E080DD30075A5DC /* ErrorView.swift in Sources */,
			);
			runOnlyForDeploymentPostprocessing = 0;
		};
		BB360D1F2E06CBE10075A5DC /* Sources */ = {
			isa = PBXSourcesBuildPhase;
			buildActionMask = 2147483647;
			files = (
				BB360D952E0805C60075A5DC /* DependencyContainerTests.swift in Sources */,
				BB360D962E0805C60075A5DC /* MockNavigator.swift in Sources */,
				BB360D972E0805C60075A5DC /* NavigatorTests.swift in Sources */,
				BB360D982E0805C60075A5DC /* MockPhotoListService.swift in Sources */,
				BB360D992E0805C60075A5DC /* PhotoListViewModelTests.swift in Sources */,
			);
			runOnlyForDeploymentPostprocessing = 0;
		};
/* End PBXSourcesBuildPhase section */

/* Begin PBXTargetDependency section */
		BB360D282E06CBE10075A5DC /* PBXTargetDependency */ = {
			isa = PBXTargetDependency;
			target = BB360C542E0497DE0075A5DC /* PhotoGallery */;
			targetProxy = BB360D272E06CBE10075A5DC /* PBXContainerItemProxy */;
		};
/* End PBXTargetDependency section */

/* Begin XCBuildConfiguration section */
		BB360C5E2E0497E10075A5DC /* Debug */ = {
			isa = XCBuildConfiguration;
			buildSettings = {
				ALWAYS_SEARCH_USER_PATHS = NO;
				ASSETCATALOG_COMPILER_GENERATE_SWIFT_ASSET_SYMBOL_EXTENSIONS = YES;
				CLANG_ANALYZER_NONNULL = YES;
				CLANG_ANALYZER_NUMBER_OBJECT_CONVERSION = YES_AGGRESSIVE;
				CLANG_CXX_LANGUAGE_STANDARD = "gnu++20";
				CLANG_ENABLE_MODULES = YES;
				CLANG_ENABLE_OBJC_ARC = YES;
				CLANG_ENABLE_OBJC_WEAK = YES;
				CLANG_WARN_BLOCK_CAPTURE_AUTORELEASING = YES;
				CLANG_WARN_BOOL_CONVERSION = YES;
				CLANG_WARN_COMMA = YES;
				CLANG_WARN_CONSTANT_CONVERSION = YES;
				CLANG_WARN_DEPRECATED_OBJC_IMPLEMENTATIONS = YES;
				CLANG_WARN_DIRECT_OBJC_ISA_USAGE = YES_ERROR;
				CLANG_WARN_DOCUMENTATION_COMMENTS = YES;
				CLANG_WARN_EMPTY_BODY = YES;
				CLANG_WARN_ENUM_CONVERSION = YES;
				CLANG_WARN_INFINITE_RECURSION = YES;
				CLANG_WARN_INT_CONVERSION = YES;
				CLANG_WARN_NON_LITERAL_NULL_CONVERSION = YES;
				CLANG_WARN_OBJC_IMPLICIT_RETAIN_SELF = YES;
				CLANG_WARN_OBJC_LITERAL_CONVERSION = YES;
				CLANG_WARN_OBJC_ROOT_CLASS = YES_ERROR;
				CLANG_WARN_QUOTED_INCLUDE_IN_FRAMEWORK_HEADER = YES;
				CLANG_WARN_RANGE_LOOP_ANALYSIS = YES;
				CLANG_WARN_STRICT_PROTOTYPES = YES;
				CLANG_WARN_SUSPICIOUS_MOVE = YES;
				CLANG_WARN_UNGUARDED_AVAILABILITY = YES_AGGRESSIVE;
				CLANG_WARN_UNREACHABLE_CODE = YES;
				CLANG_WARN__DUPLICATE_METHOD_MATCH = YES;
				COPY_PHASE_STRIP = NO;
				DEBUG_INFORMATION_FORMAT = dwarf;
				DEVELOPMENT_TEAM = 27YU34ECNS;
				ENABLE_STRICT_OBJC_MSGSEND = YES;
				ENABLE_TESTABILITY = YES;
				ENABLE_USER_SCRIPT_SANDBOXING = YES;
				GCC_C_LANGUAGE_STANDARD = gnu17;
				GCC_DYNAMIC_NO_PIC = NO;
				GCC_NO_COMMON_BLOCKS = YES;
				GCC_OPTIMIZATION_LEVEL = 0;
				GCC_PREPROCESSOR_DEFINITIONS = (
					"DEBUG=1",
					"$(inherited)",
				);
				GCC_WARN_64_TO_32_BIT_CONVERSION = YES;
				GCC_WARN_ABOUT_RETURN_TYPE = YES_ERROR;
				GCC_WARN_UNDECLARED_SELECTOR = YES;
				GCC_WARN_UNINITIALIZED_AUTOS = YES_AGGRESSIVE;
				GCC_WARN_UNUSED_FUNCTION = YES;
				GCC_WARN_UNUSED_VARIABLE = YES;
				IPHONEOS_DEPLOYMENT_TARGET = 18.5;
				LOCALIZATION_PREFERS_STRING_CATALOGS = YES;
				MTL_ENABLE_DEBUG_INFO = INCLUDE_SOURCE;
				MTL_FAST_MATH = YES;
				ONLY_ACTIVE_ARCH = YES;
				SDKROOT = iphoneos;
				SWIFT_ACTIVE_COMPILATION_CONDITIONS = "DEBUG $(inherited)";
				SWIFT_OPTIMIZATION_LEVEL = "-Onone";
			};
			name = Debug;
		};
		BB360C5F2E0497E10075A5DC /* Release */ = {
			isa = XCBuildConfiguration;
			buildSettings = {
				ALWAYS_SEARCH_USER_PATHS = NO;
				ASSETCATALOG_COMPILER_GENERATE_SWIFT_ASSET_SYMBOL_EXTENSIONS = YES;
				CLANG_ANALYZER_NONNULL = YES;
				CLANG_ANALYZER_NUMBER_OBJECT_CONVERSION = YES_AGGRESSIVE;
				CLANG_CXX_LANGUAGE_STANDARD = "gnu++20";
				CLANG_ENABLE_MODULES = YES;
				CLANG_ENABLE_OBJC_ARC = YES;
				CLANG_ENABLE_OBJC_WEAK = YES;
				CLANG_WARN_BLOCK_CAPTURE_AUTORELEASING = YES;
				CLANG_WARN_BOOL_CONVERSION = YES;
				CLANG_WARN_COMMA = YES;
				CLANG_WARN_CONSTANT_CONVERSION = YES;
				CLANG_WARN_DEPRECATED_OBJC_IMPLEMENTATIONS = YES;
				CLANG_WARN_DIRECT_OBJC_ISA_USAGE = YES_ERROR;
				CLANG_WARN_DOCUMENTATION_COMMENTS = YES;
				CLANG_WARN_EMPTY_BODY = YES;
				CLANG_WARN_ENUM_CONVERSION = YES;
				CLANG_WARN_INFINITE_RECURSION = YES;
				CLANG_WARN_INT_CONVERSION = YES;
				CLANG_WARN_NON_LITERAL_NULL_CONVERSION = YES;
				CLANG_WARN_OBJC_IMPLICIT_RETAIN_SELF = YES;
				CLANG_WARN_OBJC_LITERAL_CONVERSION = YES;
				CLANG_WARN_OBJC_ROOT_CLASS = YES_ERROR;
				CLANG_WARN_QUOTED_INCLUDE_IN_FRAMEWORK_HEADER = YES;
				CLANG_WARN_RANGE_LOOP_ANALYSIS = YES;
				CLANG_WARN_STRICT_PROTOTYPES = YES;
				CLANG_WARN_SUSPICIOUS_MOVE = YES;
				CLANG_WARN_UNGUARDED_AVAILABILITY = YES_AGGRESSIVE;
				CLANG_WARN_UNREACHABLE_CODE = YES;
				CLANG_WARN__DUPLICATE_METHOD_MATCH = YES;
				COPY_PHASE_STRIP = NO;
				DEBUG_INFORMATION_FORMAT = "dwarf-with-dsym";
				DEVELOPMENT_TEAM = 27YU34ECNS;
				ENABLE_NS_ASSERTIONS = NO;
				ENABLE_STRICT_OBJC_MSGSEND = YES;
				ENABLE_USER_SCRIPT_SANDBOXING = YES;
				GCC_C_LANGUAGE_STANDARD = gnu17;
				GCC_NO_COMMON_BLOCKS = YES;
				GCC_WARN_64_TO_32_BIT_CONVERSION = YES;
				GCC_WARN_ABOUT_RETURN_TYPE = YES_ERROR;
				GCC_WARN_UNDECLARED_SELECTOR = YES;
				GCC_WARN_UNINITIALIZED_AUTOS = YES_AGGRESSIVE;
				GCC_WARN_UNUSED_FUNCTION = YES;
				GCC_WARN_UNUSED_VARIABLE = YES;
				IPHONEOS_DEPLOYMENT_TARGET = 18.5;
				LOCALIZATION_PREFERS_STRING_CATALOGS = YES;
				MTL_ENABLE_DEBUG_INFO = NO;
				MTL_FAST_MATH = YES;
				SDKROOT = iphoneos;
				SWIFT_COMPILATION_MODE = wholemodule;
				VALIDATE_PRODUCT = YES;
			};
			name = Release;
		};
		BB360C612E0497E10075A5DC /* Debug */ = {
			isa = XCBuildConfiguration;
			buildSettings = {
				ASSETCATALOG_COMPILER_APPICON_NAME = AppIcon;
				ASSETCATALOG_COMPILER_GLOBAL_ACCENT_COLOR_NAME = AccentColor;
				CODE_SIGN_STYLE = Automatic;
				CURRENT_PROJECT_VERSION = 1;
				DEVELOPMENT_TEAM = 27YU34ECNS;
				ENABLE_PREVIEWS = YES;
				GENERATE_INFOPLIST_FILE = YES;
				INFOPLIST_KEY_UIApplicationSceneManifest_Generation = YES;
				INFOPLIST_KEY_UIApplicationSupportsIndirectInputEvents = YES;
				INFOPLIST_KEY_UILaunchScreen_Generation = YES;
				INFOPLIST_KEY_UISupportedInterfaceOrientations_iPad = "UIInterfaceOrientationPortrait UIInterfaceOrientationPortraitUpsideDown UIInterfaceOrientationLandscapeLeft UIInterfaceOrientationLandscapeRight";
				INFOPLIST_KEY_UISupportedInterfaceOrientations_iPhone = "UIInterfaceOrientationPortrait UIInterfaceOrientationLandscapeLeft UIInterfaceOrientationLandscapeRight";
				LD_RUNPATH_SEARCH_PATHS = (
					"$(inherited)",
					"@executable_path/Frameworks",
				);
				MARKETING_VERSION = 1.0;
				PRODUCT_BUNDLE_IDENTIFIER = fatmadagdevir.PhotoGallery;
				PRODUCT_NAME = "$(TARGET_NAME)";
				SWIFT_EMIT_LOC_STRINGS = YES;
				SWIFT_VERSION = 5.0;
				TARGETED_DEVICE_FAMILY = "1,2";
			};
			name = Debug;
		};
		BB360C622E0497E10075A5DC /* Release */ = {
			isa = XCBuildConfiguration;
			buildSettings = {
				ASSETCATALOG_COMPILER_APPICON_NAME = AppIcon;
				ASSETCATALOG_COMPILER_GLOBAL_ACCENT_COLOR_NAME = AccentColor;
				CODE_SIGN_STYLE = Automatic;
				CURRENT_PROJECT_VERSION = 1;
				DEVELOPMENT_TEAM = 27YU34ECNS;
				ENABLE_PREVIEWS = YES;
				GENERATE_INFOPLIST_FILE = YES;
				INFOPLIST_KEY_UIApplicationSceneManifest_Generation = YES;
				INFOPLIST_KEY_UIApplicationSupportsIndirectInputEvents = YES;
				INFOPLIST_KEY_UILaunchScreen_Generation = YES;
				INFOPLIST_KEY_UISupportedInterfaceOrientations_iPad = "UIInterfaceOrientationPortrait UIInterfaceOrientationPortraitUpsideDown UIInterfaceOrientationLandscapeLeft UIInterfaceOrientationLandscapeRight";
				INFOPLIST_KEY_UISupportedInterfaceOrientations_iPhone = "UIInterfaceOrientationPortrait UIInterfaceOrientationLandscapeLeft UIInterfaceOrientationLandscapeRight";
				LD_RUNPATH_SEARCH_PATHS = (
					"$(inherited)",
					"@executable_path/Frameworks",
				);
				MARKETING_VERSION = 1.0;
				PRODUCT_BUNDLE_IDENTIFIER = fatmadagdevir.PhotoGallery;
				PRODUCT_NAME = "$(TARGET_NAME)";
				SWIFT_EMIT_LOC_STRINGS = YES;
				SWIFT_VERSION = 5.0;
				TARGETED_DEVICE_FAMILY = "1,2";
			};
			name = Release;
		};
		BB360D2A2E06CBE10075A5DC /* Debug */ = {
			isa = XCBuildConfiguration;
			buildSettings = {
				BUNDLE_LOADER = "$(TEST_HOST)";
				CODE_SIGN_STYLE = Automatic;
				CURRENT_PROJECT_VERSION = 1;
				DEVELOPMENT_TEAM = 27YU34ECNS;
				GENERATE_INFOPLIST_FILE = YES;
				MARKETING_VERSION = 1.0;
				PRODUCT_BUNDLE_IDENTIFIER = fatmadagdevir.PhotoGalleryTests;
				PRODUCT_NAME = "$(TARGET_NAME)";
				SWIFT_EMIT_LOC_STRINGS = NO;
				SWIFT_VERSION = 5.0;
				TARGETED_DEVICE_FAMILY = "1,2";
				TEST_HOST = "$(BUILT_PRODUCTS_DIR)/PhotoGallery.app/$(BUNDLE_EXECUTABLE_FOLDER_PATH)/PhotoGallery";
			};
			name = Debug;
		};
		BB360D2B2E06CBE10075A5DC /* Release */ = {
			isa = XCBuildConfiguration;
			buildSettings = {
				BUNDLE_LOADER = "$(TEST_HOST)";
				CODE_SIGN_STYLE = Automatic;
				CURRENT_PROJECT_VERSION = 1;
				DEVELOPMENT_TEAM = 27YU34ECNS;
				GENERATE_INFOPLIST_FILE = YES;
				MARKETING_VERSION = 1.0;
				PRODUCT_BUNDLE_IDENTIFIER = fatmadagdevir.PhotoGalleryTests;
				PRODUCT_NAME = "$(TARGET_NAME)";
				SWIFT_EMIT_LOC_STRINGS = NO;
				SWIFT_VERSION = 5.0;
				TARGETED_DEVICE_FAMILY = "1,2";
				TEST_HOST = "$(BUILT_PRODUCTS_DIR)/PhotoGallery.app/$(BUNDLE_EXECUTABLE_FOLDER_PATH)/PhotoGallery";
			};
			name = Release;
		};
/* End XCBuildConfiguration section */

/* Begin XCConfigurationList section */
		BB360C502E0497DE0075A5DC /* Build configuration list for PBXProject "PhotoGallery" */ = {
			isa = XCConfigurationList;
			buildConfigurations = (
				BB360C5E2E0497E10075A5DC /* Debug */,
				BB360C5F2E0497E10075A5DC /* Release */,
			);
			defaultConfigurationIsVisible = 0;
			defaultConfigurationName = Release;
		};
		BB360C602E0497E10075A5DC /* Build configuration list for PBXNativeTarget "PhotoGallery" */ = {
			isa = XCConfigurationList;
			buildConfigurations = (
				BB360C612E0497E10075A5DC /* Debug */,
				BB360C622E0497E10075A5DC /* Release */,
			);
			defaultConfigurationIsVisible = 0;
			defaultConfigurationName = Release;
		};
		BB360D292E06CBE10075A5DC /* Build configuration list for PBXNativeTarget "PhotoGalleryTests" */ = {
			isa = XCConfigurationList;
			buildConfigurations = (
				BB360D2A2E06CBE10075A5DC /* Debug */,
				BB360D2B2E06CBE10075A5DC /* Release */,
			);
			defaultConfigurationIsVisible = 0;
			defaultConfigurationName = Release;
		};
/* End XCConfigurationList section */
	};
	rootObject = BB360C4D2E0497DE0075A5DC /* Project object */;
}
